
Microsoft Visual Studio Solution File, Format Version 12.00
# Visual Studio Version 17
VisualStudioVersion = 17.14.36401.2
MinimumVisualStudioVersion = 10.0.40219.1
Project("{FAE04EC0-301F-11D3-BF4B-00C04F79EFBC}") = "NETForum", "Forum\NETForum.csproj", "{0D928966-0F5A-4AD6-9A34-1C08614AEC70}"
EndProject
Project("{FAE04EC0-301F-11D3-BF4B-00C04F79EFBC}") = "NETForum.UnitTests", "NETForum.UnitTests\NETForum.UnitTests.csproj", "{88FE285B-8BB2-40D4-875F-22D515F2B2E9}"
EndProject
Global
	GlobalSection(SolutionConfigurationPlatforms) = preSolution
		Debug|Any CPU = Debug|Any CPU
		Release|Any CPU = Release|Any CPU
	EndGlobalSection
	GlobalSection(ProjectConfigurationPlatforms) = postSolution
		{0D928966-0F5A-4AD6-9A34-1C08614AEC70}.Debug|Any CPU.ActiveCfg = Debug|Any CPU
		{0D928966-0F5A-4AD6-9A34-1C08614AEC70}.Debug|Any CPU.Build.0 = Debug|Any CPU
		{0D928966-0F5A-4AD6-9A34-1C08614AEC70}.Release|Any CPU.ActiveCfg = Release|Any CPU
		{0D928966-0F5A-4AD6-9A34-1C08614AEC70}.Release|Any CPU.Build.0 = Release|Any CPU
		{88FE285B-8BB2-40D4-875F-22D515F2B2E9}.Debug|Any CPU.ActiveCfg = Debug|Any CPU
		{88FE285B-8BB2-40D4-875F-22D515F2B2E9}.Debug|Any CPU.Build.0 = Debug|Any CPU
		{88FE285B-8BB2-40D4-875F-22D515F2B2E9}.Release|Any CPU.ActiveCfg = Release|Any CPU
		{88FE285B-8BB2-40D4-875F-22D515F2B2E9}.Release|Any CPU.Build.0 = Release|Any CPU
	EndGlobalSection
	GlobalSection(SolutionProperties) = preSolution
		HideSolutionNode = FALSE
	EndGlobalSection
	GlobalSection(ExtensibilityGlobals) = postSolution
		SolutionGuid = {AE81FA28-9426-4398-81FA-8B4835DB5022}
	EndGlobalSection
EndGlobal
